// !$*UTF8*$!
{
	archiveVersion = 1;
	classes = {
	};
	objectVersion = 77;
	objects = {

/* Begin PBXBuildFile section */
		BAE14AE52FA5B10C0084FC82 /* WidgetKit.framework in Frameworks */ = {isa = PBXBuildFile; fileRef = BAE14AE42FA5B10C0084FC82 /* WidgetKit.framework */; };
		BAE14AE72FA5B10C0084FC82 /* SwiftUI.framework in Frameworks */ = {isa = PBXBuildFile; fileRef = BAE14AE62FA5B10C0084FC82 /* SwiftUI.framework */; };
		BAE14AF82FA5B10D0084FC82 /* FaithWidgetExtension.appex in Embed Foundation Extensions */ = {isa = PBXBuildFile; fileRef = BAE14AE22FA5B10C0084FC82 /* FaithWidgetExtension.appex */; settings = {ATTRIBUTES = (RemoveHeadersOnCopy, ); }; };
/* End PBXBuildFile section */

/* Begin PBXContainerItemProxy section */
		BAE14A842FA586E80084FC82 /* PBXContainerItemProxy */ = {
			isa = PBXContainerItemProxy;
			containerPortal = BAE14A682FA586E60084FC82 /* Project object */;
			proxyType = 1;
			remoteGlobalIDString = BAE14A6F2FA586E60084FC82;
			remoteInfo = "faith-ios";
		};
		BAE14A8E2FA586E80084FC82 /* PBXContainerItemProxy */ = {
			isa = PBXContainerItemProxy;
			containerPortal = BAE14A682FA586E60084FC82 /* Project object */;
			proxyType = 1;
			remoteGlobalIDString = BAE14A6F2FA586E60084FC82;
			remoteInfo = "faith-ios";
		};
		BAE14AF62FA5B10D0084FC82 /* PBXContainerItemProxy */ = {
			isa = PBXContainerItemProxy;
			containerPortal = BAE14A682FA586E60084FC82 /* Project object */;
			proxyType = 1;
			remoteGlobalIDString = BAE14AE12FA5B10C0084FC82;
			remoteInfo = FaithWidgetExtension;
		};
/* End PBXContainerItemProxy section */

/* Begin PBXCopyFilesBuildPhase section */
		BAE14AFD2FA5B10D0084FC82 /* Embed Foundation Extensions */ = {
			isa = PBXCopyFilesBuildPhase;
			buildActionMask = 2147483647;
			dstPath = "";
			dstSubfolderSpec = 13;
			files = (
				BAE14AF82FA5B10D0084FC82 /* FaithWidgetExtension.appex in Embed Foundation Extensions */,
			);
			name = "Embed Foundation Extensions";
			runOnlyForDeploymentPostprocessing = 0;
		};
/* End PBXCopyFilesBuildPhase section */

/* Begin PBXFileReference section */
		BAE14A702FA586E60084FC82 /* faith-ios.app */ = {isa = PBXFileReference; explicitFileType = wrapper.application; includeInIndex = 0; path = "faith-ios.app"; sourceTree = BUILT_PRODUCTS_DIR; };
		BAE14A832FA586E80084FC82 /* faith-iosTests.xctest */ = {isa = PBXFileReference; explicitFileType = wrapper.cfbundle; includeInIndex = 0; path = "faith-iosTests.xctest"; sourceTree = BUILT_PRODUCTS_DIR; };
		BAE14A8D2FA586E80084FC82 /* faith-iosUITests.xctest */ = {isa = PBXFileReference; explicitFileType = wrapper.cfbundle; includeInIndex = 0; path = "faith-iosUITests.xctest"; sourceTree = BUILT_PRODUCTS_DIR; };
		BAE14AE22FA5B10C0084FC82 /* FaithWidgetExtension.appex */ = {isa = PBXFileReference; explicitFileType = "wrapper.app-extension"; includeInIndex = 0; path = FaithWidgetExtension.appex; sourceTree = BUILT_PRODUCTS_DIR; };
		BAE14AE42FA5B10C0084FC82 /* WidgetKit.framework */ = {isa = PBXFileReference; lastKnownFileType = wrapper.framework; name = WidgetKit.framework; path = System/Library/Frameworks/WidgetKit.framework; sourceTree = SDKROOT; };
		BAE14AE62FA5B10C0084FC82 /* SwiftUI.framework */ = {isa = PBXFileReference; lastKnownFileType = wrapper.framework; name = SwiftUI.framework; path = System/Library/Frameworks/SwiftUI.framework; sourceTree = SDKROOT; };
/* End PBXFileReference section */

/* Begin PBXFileSystemSynchronizedBuildFileExceptionSet section */
		BAE14AF92FA5B10D0084FC82 /* Exceptions for "FaithWidget" folder in "FaithWidgetExtension" target */ = {
			isa = PBXFileSystemSynchronizedBuildFileExceptionSet;
			membershipExceptions = (
				Info.plist,
			);
			target = BAE14AE12FA5B10C0084FC82 /* FaithWidgetExtension */;
		};
/* End PBXFileSystemSynchronizedBuildFileExceptionSet section */

/* Begin PBXFileSystemSynchronizedRootGroup section */
		BAE14A722FA586E60084FC82 /* faith-ios */ = {
			isa = PBXFileSystemSynchronizedRootGroup;
			path = "faith-ios";
			sourceTree = "<group>";
		};
		BAE14A862FA586E80084FC82 /* faith-iosTests */ = {
			isa = PBXFileSystemSynchronizedRootGroup;
			path = "faith-iosTests";
			sourceTree = "<group>";
		};
		BAE14A902FA586E80084FC82 /* faith-iosUITests */ = {
			isa = PBXFileSystemSynchronizedRootGroup;
			path = "faith-iosUITests";
			sourceTree = "<group>";
		};
		BAE14AE82FA5B10C0084FC82 /* FaithWidget */ = {
			isa = PBXFileSystemSynchronizedRootGroup;
			exceptions = (
				BAE14AF92FA5B10D0084FC82 /* Exceptions for "FaithWidget" folder in "FaithWidgetExtension" target */,
			);
			path = FaithWidget;
			sourceTree = "<group>";
		};
/* End PBXFileSystemSynchronizedRootGroup section */

/* Begin PBXFrameworksBuildPhase section */
		BAE14A6D2FA586E60084FC82 /* Frameworks */ = {
			isa = PBXFrameworksBuildPhase;
			buildActionMask = 2147483647;
			files = (
			);
			runOnlyForDeploymentPostprocessing = 0;
		};
		BAE14A802FA586E80084FC82 /* Frameworks */ = {
			isa = PBXFrameworksBuildPhase;
			buildActionMask = 2147483647;
			files = (
			);
			runOnlyForDeploymentPostprocessing = 0;
		};
		BAE14A8A2FA586E80084FC82 /* Frameworks */ = {
			isa = PBXFrameworksBuildPhase;
			buildActionMask = 2147483647;
			files = (
			);
			runOnlyForDeploymentPostprocessing = 0;
		};
		BAE14ADF2FA5B10C0084FC82 /* Frameworks */ = {
			isa = PBXFrameworksBuildPhase;
			buildActionMask = 2147483647;
			files = (
				BAE14AE72FA5B10C0084FC82 /* SwiftUI.framework in Frameworks */,
				BAE14AE52FA5B10C0084FC82 /* WidgetKit.framework in Frameworks */,
			);
			runOnlyForDeploymentPostprocessing = 0;
		};
/* End PBXFrameworksBuildPhase section */

/* Begin PBXGroup section */
		BAE14A672FA586E60084FC82 = {
			isa = PBXGroup;
			children = (
				BAE14A722FA586E60084FC82 /* faith-ios */,
				BAE14A862FA586E80084FC82 /* faith-iosTests */,
				BAE14A902FA586E80084FC82 /* faith-iosUITests */,
				BAE14AE82FA5B10C0084FC82 /* FaithWidget */,
				BAE14AE32FA5B10C0084FC82 /* Frameworks */,
				BAE14A712FA586E60084FC82 /* Products */,
			);
			sourceTree = "<group>";
		};
		BAE14A712FA586E60084FC82 /* Products */ = {
			isa = PBXGroup;
			children = (
				BAE14A702FA586E60084FC82 /* faith-ios.app */,
				BAE14A832FA586E80084FC82 /* faith-iosTests.xctest */,
				BAE14A8D2FA586E80084FC82 /* faith-iosUITests.xctest */,
				BAE14AE22FA5B10C0084FC82 /* FaithWidgetExtension.appex */,
			);
			name = Products;
			sourceTree = "<group>";
		};
		BAE14AE32FA5B10C0084FC82 /* Frameworks */ = {
			isa = PBXGroup;
			children = (
				BAE14AE42FA5B10C0084FC82 /* WidgetKit.framework */,
				BAE14AE62FA5B10C0084FC82 /* SwiftUI.framework */,
			);
			name = Frameworks;
			sourceTree = "<group>";
		};
/* End PBXGroup section */

/* Begin PBXNativeTarget section */
		BAE14A6F2FA586E60084FC82 /* faith-ios */ = {
			isa = PBXNativeTarget;
			buildConfigurationList = BAE14A972FA586E80084FC82 /* Build configuration list for PBXNativeTarget "faith-ios" */;
			buildPhases = (
				BAE14A6C2FA586E60084FC82 /* Sources */,
				BAE14A6D2FA586E60084FC82 /* Frameworks */,
				BAE14A6E2FA586E60084FC82 /* Resources */,
				BAE14AFD2FA5B10D0084FC82 /* Embed Foundation Extensions */,
			);
			buildRules = (
			);
			dependencies = (
				BAE14AF72FA5B10D0084FC82 /* PBXTargetDependency */,
			);
			fileSystemSynchronizedGroups = (
				BAE14A722FA586E60084FC82 /* faith-ios */,
			);
			name = "faith-ios";
			packageProductDependencies = (
			);
			productName = "faith-ios";
			productReference = BAE14A702FA586E60084FC82 /* faith-ios.app */;
			productType = "com.apple.product-type.application";
		};
		BAE14A822FA586E80084FC82 /* faith-iosTests */ = {
			isa = PBXNativeTarget;
			buildConfigurationList = BAE14A9A2FA586E80084FC82 /* Build configuration list for PBXNativeTarget "faith-iosTests" */;
			buildPhases = (
				BAE14A7F2FA586E80084FC82 /* Sources */,
				BAE14A802FA586E80084FC82 /* Frameworks */,
				BAE14A812FA586E80084FC82 /* Resources */,
			);
			buildRules = (
			);
			dependencies = (
				BAE14A852FA586E80084FC82 /* PBXTargetDependency */,
			);
			fileSystemSynchronizedGroups = (
				BAE14A862FA586E80084FC82 /* faith-iosTests */,
			);
			name = "faith-iosTests";
			packageProductDependencies = (
			);
			productName = "faith-iosTests";
			productReference = BAE14A832FA586E80084FC82 /* faith-iosTests.xctest */;
			productType = "com.apple.product-type.bundle.unit-test";
		};
		BAE14A8C2FA586E80084FC82 /* faith-iosUITests */ = {
			isa = PBXNativeTarget;
			buildConfigurationList = BAE14A9D2FA586E80084FC82 /* Build configuration list for PBXNativeTarget "faith-iosUITests" */;
			buildPhases = (
				BAE14A892FA586E80084FC82 /* Sources */,
				BAE14A8A2FA586E80084FC82 /* Frameworks */,
				BAE14A8B2FA586E80084FC82 /* Resources */,
			);
			buildRules = (
			);
			dependencies = (
				BAE14A8F2FA586E80084FC82 /* PBXTargetDependency */,
			);
			fileSystemSynchronizedGroups = (
				BAE14A902FA586E80084FC82 /* faith-iosUITests */,
			);
			name = "faith-iosUITests";
			packageProductDependencies = (
			);
			productName = "faith-iosUITests";
			productReference = BAE14A8D2FA586E80084FC82 /* faith-iosUITests.xctest */;
			productType = "com.apple.product-type.bundle.ui-testing";
		};
		BAE14AE12FA5B10C0084FC82 /* FaithWidgetExtension */ = {
			isa = PBXNativeTarget;
			buildConfigurationList = BAE14AFA2FA5B10D0084FC82 /* Build configuration list for PBXNativeTarget "FaithWidgetExtension" */;
			buildPhases = (
				BAE14ADE2FA5B10C0084FC82 /* Sources */,
				BAE14ADF2FA5B10C0084FC82 /* Frameworks */,
				BAE14AE02FA5B10C0084FC82 /* Resources */,
			);
			buildRules = (
			);
			dependencies = (
			);
			fileSystemSynchronizedGroups = (
				BAE14AE82FA5B10C0084FC82 /* FaithWidget */,
			);
			name = FaithWidgetExtension;
			packageProductDependencies = (
			);
			productName = FaithWidgetExtension;
			productReference = BAE14AE22FA5B10C0084FC82 /* FaithWidgetExtension.appex */;
			productType = "com.apple.product-type.app-extension";
		};
/* End PBXNativeTarget section */

/* Begin PBXProject section */
		BAE14A682FA586E60084FC82 /* Project object */ = {
			isa = PBXProject;
			attributes = {
				BuildIndependentTargetsInParallel = 1;
				LastSwiftUpdateCheck = 1620;
				LastUpgradeCheck = 1620;
				TargetAttributes = {
					BAE14A6F2FA586E60084FC82 = {
						CreatedOnToolsVersion = 16.2;
					};
					BAE14A822FA586E80084FC82 = {
						CreatedOnToolsVersion = 16.2;
						TestTargetID = BAE14A6F2FA586E60084FC82;
					};
					BAE14A8C2FA586E80084FC82 = {
						CreatedOnToolsVersion = 16.2;
						TestTargetID = BAE14A6F2FA586E60084FC82;
					};
					BAE14AE12FA5B10C0084FC82 = {
						CreatedOnToolsVersion = 16.2;
					};
				};
			};
			buildConfigurationList = BAE14A6B2FA586E60084FC82 /* Build configuration list for PBXProject "faith-ios" */;
			developmentRegion = en;
			hasScannedForEncodings = 0;
			knownRegions = (
				en,
				Base,
			);
			mainGroup = BAE14A672FA586E60084FC82;
			minimizedProjectReferenceProxies = 1;
			preferredProjectObjectVersion = 77;
			productRefGroup = BAE14A712FA586E60084FC82 /* Products */;
			projectDirPath = "";
			projectRoot = "";
			targets = (
				BAE14A6F2FA586E60084FC82 /* faith-ios */,
				BAE14A822FA586E80084FC82 /* faith-iosTests */,
				BAE14A8C2FA586E80084FC82 /* faith-iosUITests */,
				BAE14AE12FA5B10C0084FC82 /* FaithWidgetExtension */,
			);
		};
/* End PBXProject section */

/* Begin PBXResourcesBuildPhase section */
		BAE14A6E2FA586E60084FC82 /* Resources */ = {
			isa = PBXResourcesBuildPhase;
			buildActionMask = 2147483647;
			files = (
			);
			runOnlyForDeploymentPostprocessing = 0;
		};
		BAE14A812FA586E80084FC82 /* Resources */ = {
			isa = PBXResourcesBuildPhase;
			buildActionMask = 2147483647;
			files = (
			);
			runOnlyForDeploymentPostprocessing = 0;
		};
		BAE14A8B2FA586E80084FC82 /* Resources */ = {
			isa = PBXResourcesBuildPhase;
			buildActionMask = 2147483647;
			files = (
			);
			runOnlyForDeploymentPostprocessing = 0;
		};
		BAE14AE02FA5B10C0084FC82 /* Resources */ = {
			isa = PBXResourcesBuildPhase;
			buildActionMask = 2147483647;
			files = (
			);
			runOnlyForDeploymentPostprocessing = 0;
		};
/* End PBXResourcesBuildPhase section */

/* Begin PBXSourcesBuildPhase section */
		BAE14A6C2FA586E60084FC82 /* Sources */ = {
			isa = PBXSourcesBuildPhase;
			buildActionMask = 2147483647;
			files = (
			);
			runOnlyForDeploymentPostprocessing = 0;
		};
		BAE14A7F2FA586E80084FC82 /* Sources */ = {
			isa = PBXSourcesBuildPhase;
			buildActionMask = 2147483647;
			files = (
			);
			runOnlyForDeploymentPostprocessing = 0;
		};
		BAE14A892FA586E80084FC82 /* Sources */ = {
			isa = PBXSourcesBuildPhase;
			buildActionMask = 2147483647;
			files = (
			);
			runOnlyForDeploymentPostprocessing = 0;
		};
		BAE14ADE2FA5B10C0084FC82 /* Sources */ = {
			isa = PBXSourcesBuildPhase;
			buildActionMask = 2147483647;
			files = (
			);
			runOnlyForDeploymentPostprocessing = 0;
		};
/* End PBXSourcesBuildPhase section */

/* Begin PBXTargetDependency section */
		BAE14A852FA586E80084FC82 /* PBXTargetDependency */ = {
			isa = PBXTargetDependency;
			target = BAE14A6F2FA586E60084FC82 /* faith-ios */;
			targetProxy = BAE14A842FA586E80084FC82 /* PBXContainerItemProxy */;
		};
		BAE14A8F2FA586E80084FC82 /* PBXTargetDependency */ = {
			isa = PBXTargetDependency;
			target = BAE14A6F2FA586E60084FC82 /* faith-ios */;
			targetProxy = BAE14A8E2FA586E80084FC82 /* PBXContainerItemProxy */;
		};
		BAE14AF72FA5B10D0084FC82 /* PBXTargetDependency */ = {
			isa = PBXTargetDependency;
			target = BAE14AE12FA5B10C0084FC82 /* FaithWidgetExtension */;
			targetProxy = BAE14AF62FA5B10D0084FC82 /* PBXContainerItemProxy */;
		};
/* End PBXTargetDependency section */

/* Begin XCBuildConfiguration section */
		BAE14A952FA586E80084FC82 /* Debug */ = {
			isa = XCBuildConfiguration;
			buildSettings = {
				ALWAYS_SEARCH_USER_PATHS = NO;
				ASSETCATALOG_COMPILER_GENERATE_SWIFT_ASSET_SYMBOL_EXTENSIONS = YES;
				CLANG_ANALYZER_NONNULL = YES;
				CLANG_ANALYZER_NUMBER_OBJECT_CONVERSION = YES_AGGRESSIVE;
				CLANG_CXX_LANGUAGE_STANDARD = "gnu++20";
				CLANG_ENABLE_MODULES = YES;
				CLANG_ENABLE_OBJC_ARC = YES;
				CLANG_ENABLE_OBJC_WEAK = YES;
				CLANG_WARN_BLOCK_CAPTURE_AUTORELEASING = YES;
				CLANG_WARN_BOOL_CONVERSION = YES;
				CLANG_WARN_COMMA = YES;
				CLANG_WARN_CONSTANT_CONVERSION = YES;
				CLANG_WARN_DEPRECATED_OBJC_IMPLEMENTATIONS = YES;
				CLANG_WARN_DIRECT_OBJC_ISA_USAGE = YES_ERROR;
				CLANG_WARN_DOCUMENTATION_COMMENTS = YES;
				CLANG_WARN_EMPTY_BODY = YES;
				CLANG_WARN_ENUM_CONVERSION = YES;
				CLANG_WARN_INFINITE_RECURSION = YES;
				CLANG_WARN_INT_CONVERSION = YES;
				CLANG_WARN_NON_LITERAL_NULL_CONVERSION = YES;
				CLANG_WARN_OBJC_IMPLICIT_RETAIN_SELF = YES;
				CLANG_WARN_OBJC_LITERAL_CONVERSION = YES;
				CLANG_WARN_OBJC_ROOT_CLASS = YES_ERROR;
				CLANG_WARN_QUOTED_INCLUDE_IN_FRAMEWORK_HEADER = YES;
				CLANG_WARN_RANGE_LOOP_ANALYSIS = YES;
				CLANG_WARN_STRICT_PROTOTYPES = YES;
				CLANG_WARN_SUSPICIOUS_MOVE = YES;
				CLANG_WARN_UNGUARDED_AVAILABILITY = YES_AGGRESSIVE;
				CLANG_WARN_UNREACHABLE_CODE = YES;
				CLANG_WARN__DUPLICATE_METHOD_MATCH = YES;
				COPY_PHASE_STRIP = NO;
				DEBUG_INFORMATION_FORMAT = dwarf;
				ENABLE_STRICT_OBJC_MSGSEND = YES;
				ENABLE_TESTABILITY = YES;
				ENABLE_USER_SCRIPT_SANDBOXING = YES;
				GCC_C_LANGUAGE_STANDARD = gnu17;
				GCC_DYNAMIC_NO_PIC = NO;
				GCC_NO_COMMON_BLOCKS = YES;
				GCC_OPTIMIZATION_LEVEL = 0;
				GCC_PREPROCESSOR_DEFINITIONS = (
					"DEBUG=1",
					"$(inherited)",
				);
				GCC_WARN_64_TO_32_BIT_CONVERSION = YES;
				GCC_WARN_ABOUT_RETURN_TYPE = YES_ERROR;
				GCC_WARN_UNDECLARED_SELECTOR = YES;
				GCC_WARN_UNINITIALIZED_AUTOS = YES_AGGRESSIVE;
				GCC_WARN_UNUSED_FUNCTION = YES;
				GCC_WARN_UNUSED_VARIABLE = YES;
				LOCALIZATION_PREFERS_STRING_CATALOGS = YES;
				MTL_ENABLE_DEBUG_INFO = INCLUDE_SOURCE;
				MTL_FAST_MATH = YES;
				ONLY_ACTIVE_ARCH = YES;
				SWIFT_ACTIVE_COMPILATION_CONDITIONS = "DEBUG $(inherited)";
				SWIFT_OPTIMIZATION_LEVEL = "-Onone";
			};
			name = Debug;
		};
		BAE14A962FA586E80084FC82 /* Release */ = {
			isa = XCBuildConfiguration;
			buildSettings = {
				ALWAYS_SEARCH_USER_PATHS = NO;
				ASSETCATALOG_COMPILER_GENERATE_SWIFT_ASSET_SYMBOL_EXTENSIONS = YES;
				CLANG_ANALYZER_NONNULL = YES;
				CLANG_ANALYZER_NUMBER_OBJECT_CONVERSION = YES_AGGRESSIVE;
				CLANG_CXX_LANGUAGE_STANDARD = "gnu++20";
				CLANG_ENABLE_MODULES = YES;
				CLANG_ENABLE_OBJC_ARC = YES;
				CLANG_ENABLE_OBJC_WEAK = YES;
				CLANG_WARN_BLOCK_CAPTURE_AUTORELEASING = YES;
				CLANG_WARN_BOOL_CONVERSION = YES;
				CLANG_WARN_COMMA = YES;
				CLANG_WARN_CONSTANT_CONVERSION = YES;
				CLANG_WARN_DEPRECATED_OBJC_IMPLEMENTATIONS = YES;
				CLANG_WARN_DIRECT_OBJC_ISA_USAGE = YES_ERROR;
				CLANG_WARN_DOCUMENTATION_COMMENTS = YES;
				CLANG_WARN_EMPTY_BODY = YES;
				CLANG_WARN_ENUM_CONVERSION = YES;
				CLANG_WARN_INFINITE_RECURSION = YES;
				CLANG_WARN_INT_CONVERSION = YES;
				CLANG_WARN_NON_LITERAL_NULL_CONVERSION = YES;
				CLANG_WARN_OBJC_IMPLICIT_RETAIN_SELF = YES;
				CLANG_WARN_OBJC_LITERAL_CONVERSION = YES;
				CLANG_WARN_OBJC_ROOT_CLASS = YES_ERROR;
				CLANG_WARN_QUOTED_INCLUDE_IN_FRAMEWORK_HEADER = YES;
				CLANG_WARN_RANGE_LOOP_ANALYSIS = YES;
				CLANG_WARN_STRICT_PROTOTYPES = YES;
				CLANG_WARN_SUSPICIOUS_MOVE = YES;
				CLANG_WARN_UNGUARDED_AVAILABILITY = YES_AGGRESSIVE;
				CLANG_WARN_UNREACHABLE_CODE = YES;
				CLANG_WARN__DUPLICATE_METHOD_MATCH = YES;
				COPY_PHASE_STRIP = NO;
				DEBUG_INFORMATION_FORMAT = "dwarf-with-dsym";
				ENABLE_NS_ASSERTIONS = NO;
				ENABLE_STRICT_OBJC_MSGSEND = YES;
				ENABLE_USER_SCRIPT_SANDBOXING = YES;
				GCC_C_LANGUAGE_STANDARD = gnu17;
				GCC_NO_COMMON_BLOCKS = YES;
				GCC_WARN_64_TO_32_BIT_CONVERSION = YES;
				GCC_WARN_ABOUT_RETURN_TYPE = YES_ERROR;
				GCC_WARN_UNDECLARED_SELECTOR = YES;
				GCC_WARN_UNINITIALIZED_AUTOS = YES_AGGRESSIVE;
				GCC_WARN_UNUSED_FUNCTION = YES;
				GCC_WARN_UNUSED_VARIABLE = YES;
				LOCALIZATION_PREFERS_STRING_CATALOGS = YES;
				MTL_ENABLE_DEBUG_INFO = NO;
				MTL_FAST_MATH = YES;
				SWIFT_COMPILATION_MODE = wholemodule;
			};
			name = Release;
		};
		BAE14A982FA586E80084FC82 /* Debug */ = {
			isa = XCBuildConfiguration;
			buildSettings = {
				ASSETCATALOG_COMPILER_APPICON_NAME = AppIcon;
				ASSETCATALOG_COMPILER_GLOBAL_ACCENT_COLOR_NAME = AccentColor;
				CODE_SIGN_ENTITLEMENTS = "faith-ios/faith_ios.entitlements";
				CODE_SIGN_STYLE = Automatic;
				CURRENT_PROJECT_VERSION = 1;
				DEVELOPMENT_ASSET_PATHS = "\"faith-ios/Preview Content\"";
				DEVELOPMENT_TEAM = JN9S2YF3BJ;
				ENABLE_HARDENED_RUNTIME = YES;
				ENABLE_PREVIEWS = YES;
				GENERATE_INFOPLIST_FILE = YES;
				"INFOPLIST_KEY_UIApplicationSceneManifest_Generation[sdk=iphoneos*]" = YES;
				"INFOPLIST_KEY_UIApplicationSceneManifest_Generation[sdk=iphonesimulator*]" = YES;
				"INFOPLIST_KEY_UIApplicationSupportsIndirectInputEvents[sdk=iphoneos*]" = YES;
				"INFOPLIST_KEY_UIApplicationSupportsIndirectInputEvents[sdk=iphonesimulator*]" = YES;
				"INFOPLIST_KEY_UILaunchScreen_Generation[sdk=iphoneos*]" = YES;
				"INFOPLIST_KEY_UILaunchScreen_Generation[sdk=iphonesimulator*]" = YES;
				"INFOPLIST_KEY_UIStatusBarStyle[sdk=iphoneos*]" = UIStatusBarStyleDefault;
				"INFOPLIST_KEY_UIStatusBarStyle[sdk=iphonesimulator*]" = UIStatusBarStyleDefault;
				INFOPLIST_KEY_UISupportedInterfaceOrientations_iPad = "UIInterfaceOrientationPortrait UIInterfaceOrientationPortraitUpsideDown UIInterfaceOrientationLandscapeLeft UIInterfaceOrientationLandscapeRight";
				INFOPLIST_KEY_UISupportedInterfaceOrientations_iPhone = "UIInterfaceOrientationPortrait UIInterfaceOrientationLandscapeLeft UIInterfaceOrientationLandscapeRight";
				IPHONEOS_DEPLOYMENT_TARGET = 18.2;
				LD_RUNPATH_SEARCH_PATHS = "@executable_path/Frameworks";
				"LD_RUNPATH_SEARCH_PATHS[sdk=macosx*]" = "@executable_path/../Frameworks";
				MACOSX_DEPLOYMENT_TARGET = 14.0;
				MARKETING_VERSION = 1.0;
				PRODUCT_BUNDLE_IDENTIFIER = "minh.faith-ios";
				PRODUCT_NAME = "$(TARGET_NAME)";
				SDKROOT = auto;
				SUPPORTED_PLATFORMS = "iphoneos iphonesimulator macosx xros xrsimulator";
				SWIFT_EMIT_LOC_STRINGS = YES;
				SWIFT_VERSION = 5.0;
				TARGETED_DEVICE_FAMILY = "1,2,7";
				XROS_DEPLOYMENT_TARGET = 2.2;
			};
			name = Debug;
		};
		BAE14A992FA586E80084FC82 /* Release */ = {
			isa = XCBuildConfiguration;
			buildSettings = {
				ASSETCATALOG_COMPILER_APPICON_NAME = AppIcon;
				ASSETCATALOG_COMPILER_GLOBAL_ACCENT_COLOR_NAME = AccentColor;
				CODE_SIGN_ENTITLEMENTS = "faith-ios/faith_ios.entitlements";
				CODE_SIGN_STYLE = Automatic;
				CURRENT_PROJECT_VERSION = 1;
				DEVELOPMENT_ASSET_PATHS = "\"faith-ios/Preview Content\"";
				DEVELOPMENT_TEAM = JN9S2YF3BJ;
				ENABLE_HARDENED_RUNTIME = YES;
				ENABLE_PREVIEWS = YES;
				GENERATE_INFOPLIST_FILE = YES;
				"INFOPLIST_KEY_UIApplicationSceneManifest_Generation[sdk=iphoneos*]" = YES;
				"INFOPLIST_KEY_UIApplicationSceneManifest_Generation[sdk=iphonesimulator*]" = YES;
				"INFOPLIST_KEY_UIApplicationSupportsIndirectInputEvents[sdk=iphoneos*]" = YES;
				"INFOPLIST_KEY_UIApplicationSupportsIndirectInputEvents[sdk=iphonesimulator*]" = YES;
				"INFOPLIST_KEY_UILaunchScreen_Generation[sdk=iphoneos*]" = YES;
				"INFOPLIST_KEY_UILaunchScreen_Generation[sdk=iphonesimulator*]" = YES;
				"INFOPLIST_KEY_UIStatusBarStyle[sdk=iphoneos*]" = UIStatusBarStyleDefault;
				"INFOPLIST_KEY_UIStatusBarStyle[sdk=iphonesimulator*]" = UIStatusBarStyleDefault;
				INFOPLIST_KEY_UISupportedInterfaceOrientations_iPad = "UIInterfaceOrientationPortrait UIInterfaceOrientationPortraitUpsideDown UIInterfaceOrientationLandscapeLeft UIInterfaceOrientationLandscapeRight";
				INFOPLIST_KEY_UISupportedInterfaceOrientations_iPhone = "UIInterfaceOrientationPortrait UIInterfaceOrientationLandscapeLeft UIInterfaceOrientationLandscapeRight";
				IPHONEOS_DEPLOYMENT_TARGET = 18.2;
				LD_RUNPATH_SEARCH_PATHS = "@executable_path/Frameworks";
				"LD_RUNPATH_SEARCH_PATHS[sdk=macosx*]" = "@executable_path/../Frameworks";
				MACOSX_DEPLOYMENT_TARGET = 14.0;
				MARKETING_VERSION = 1.0;
				PRODUCT_BUNDLE_IDENTIFIER = "minh.faith-ios";
				PRODUCT_NAME = "$(TARGET_NAME)";
				SDKROOT = auto;
				SUPPORTED_PLATFORMS = "iphoneos iphonesimulator macosx xros xrsimulator";
				SWIFT_EMIT_LOC_STRINGS = YES;
				SWIFT_VERSION = 5.0;
				TARGETED_DEVICE_FAMILY = "1,2,7";
				XROS_DEPLOYMENT_TARGET = 2.2;
			};
			name = Release;
		};
		BAE14A9B2FA586E80084FC82 /* Debug */ = {
			isa = XCBuildConfiguration;
			buildSettings = {
				BUNDLE_LOADER = "$(TEST_HOST)";
				CODE_SIGN_STYLE = Automatic;
				CURRENT_PROJECT_VERSION = 1;
				DEVELOPMENT_TEAM = JN9S2YF3BJ;
				GENERATE_INFOPLIST_FILE = YES;
				IPHONEOS_DEPLOYMENT_TARGET = 18.2;
				MACOSX_DEPLOYMENT_TARGET = 15.2;
				MARKETING_VERSION = 1.0;
				PRODUCT_BUNDLE_IDENTIFIER = "minh.faith-iosTests";
				PRODUCT_NAME = "$(TARGET_NAME)";
				SDKROOT = auto;
				SUPPORTED_PLATFORMS = "iphoneos iphonesimulator macosx xros xrsimulator";
				SWIFT_EMIT_LOC_STRINGS = NO;
				SWIFT_VERSION = 5.0;
				TARGETED_DEVICE_FAMILY = "1,2,7";
				TEST_HOST = "$(BUILT_PRODUCTS_DIR)/faith-ios.app/$(BUNDLE_EXECUTABLE_FOLDER_PATH)/faith-ios";
				XROS_DEPLOYMENT_TARGET = 2.2;
			};
			name = Debug;
		};
		BAE14A9C2FA586E80084FC82 /* Release */ = {
			isa = XCBuildConfiguration;
			buildSettings = {
				BUNDLE_LOADER = "$(TEST_HOST)";
				CODE_SIGN_STYLE = Automatic;
				CURRENT_PROJECT_VERSION = 1;
				DEVELOPMENT_TEAM = JN9S2YF3BJ;
				GENERATE_INFOPLIST_FILE = YES;
				IPHONEOS_DEPLOYMENT_TARGET = 18.2;
				MACOSX_DEPLOYMENT_TARGET = 15.2;
				MARKETING_VERSION = 1.0;
				PRODUCT_BUNDLE_IDENTIFIER = "minh.faith-iosTests";
				PRODUCT_NAME = "$(TARGET_NAME)";
				SDKROOT = auto;
				SUPPORTED_PLATFORMS = "iphoneos iphonesimulator macosx xros xrsimulator";
				SWIFT_EMIT_LOC_STRINGS = NO;
				SWIFT_VERSION = 5.0;
				TARGETED_DEVICE_FAMILY = "1,2,7";
				TEST_HOST = "$(BUILT_PRODUCTS_DIR)/faith-ios.app/$(BUNDLE_EXECUTABLE_FOLDER_PATH)/faith-ios";
				XROS_DEPLOYMENT_TARGET = 2.2;
			};
			name = Release;
		};
		BAE14A9E2FA586E80084FC82 /* Debug */ = {
			isa = XCBuildConfiguration;
			buildSettings = {
				CODE_SIGN_STYLE = Automatic;
				CURRENT_PROJECT_VERSION = 1;
				DEVELOPMENT_TEAM = JN9S2YF3BJ;
				GENERATE_INFOPLIST_FILE = YES;
				IPHONEOS_DEPLOYMENT_TARGET = 18.2;
				MACOSX_DEPLOYMENT_TARGET = 15.2;
				MARKETING_VERSION = 1.0;
				PRODUCT_BUNDLE_IDENTIFIER = "minh.faith-iosUITests";
				PRODUCT_NAME = "$(TARGET_NAME)";
				SDKROOT = auto;
				SUPPORTED_PLATFORMS = "iphoneos iphonesimulator macosx xros xrsimulator";
				SWIFT_EMIT_LOC_STRINGS = NO;
				SWIFT_VERSION = 5.0;
				TARGETED_DEVICE_FAMILY = "1,2,7";
				TEST_TARGET_NAME = "faith-ios";
				XROS_DEPLOYMENT_TARGET = 2.2;
			};
			name = Debug;
		};
		BAE14A9F2FA586E80084FC82 /* Release */ = {
			isa = XCBuildConfiguration;
			buildSettings = {
				CODE_SIGN_STYLE = Automatic;
				CURRENT_PROJECT_VERSION = 1;
				DEVELOPMENT_TEAM = JN9S2YF3BJ;
				GENERATE_INFOPLIST_FILE = YES;
				IPHONEOS_DEPLOYMENT_TARGET = 18.2;
				MACOSX_DEPLOYMENT_TARGET = 15.2;
				MARKETING_VERSION = 1.0;
				PRODUCT_BUNDLE_IDENTIFIER = "minh.faith-iosUITests";
				PRODUCT_NAME = "$(TARGET_NAME)";
				SDKROOT = auto;
				SUPPORTED_PLATFORMS = "iphoneos iphonesimulator macosx xros xrsimulator";
				SWIFT_EMIT_LOC_STRINGS = NO;
				SWIFT_VERSION = 5.0;
				TARGETED_DEVICE_FAMILY = "1,2,7";
				TEST_TARGET_NAME = "faith-ios";
				XROS_DEPLOYMENT_TARGET = 2.2;
			};
			name = Release;
		};
		BAE14AFB2FA5B10D0084FC82 /* Debug */ = {
			isa = XCBuildConfiguration;
			buildSettings = {
				ASSETCATALOG_COMPILER_GLOBAL_ACCENT_COLOR_NAME = AccentColor;
				ASSETCATALOG_COMPILER_WIDGET_BACKGROUND_COLOR_NAME = WidgetBackground;
				CODE_SIGN_ENTITLEMENTS = FaithWidget/FaithWidget.entitlements;
				CODE_SIGN_STYLE = Automatic;
				CURRENT_PROJECT_VERSION = 1;
				DEVELOPMENT_TEAM = JN9S2YF3BJ;
				GENERATE_INFOPLIST_FILE = YES;
				INFOPLIST_FILE = FaithWidget/Info.plist;
				INFOPLIST_KEY_CFBundleDisplayName = FaithWidget;
				INFOPLIST_KEY_NSHumanReadableCopyright = "";
				IPHONEOS_DEPLOYMENT_TARGET = 18.2;
				LD_RUNPATH_SEARCH_PATHS = (
					"$(inherited)",
					"@executable_path/Frameworks",
					"@executable_path/../../Frameworks",
				);
				MARKETING_VERSION = 1.0;
				PRODUCT_BUNDLE_IDENTIFIER = "minh.faith-ios.FaithWidget";
				PRODUCT_NAME = "$(TARGET_NAME)";
				SDKROOT = iphoneos;
				SKIP_INSTALL = YES;
				SWIFT_EMIT_LOC_STRINGS = YES;
				SWIFT_VERSION = 5.0;
				TARGETED_DEVICE_FAMILY = "1,2";
			};
			name = Debug;
		};
		BAE14AFC2FA5B10D0084FC82 /* Release */ = {
			isa = XCBuildConfiguration;
			buildSettings = {
				ASSETCATALOG_COMPILER_GLOBAL_ACCENT_COLOR_NAME = AccentColor;
				ASSETCATALOG_COMPILER_WIDGET_BACKGROUND_COLOR_NAME = WidgetBackground;
				CODE_SIGN_ENTITLEMENTS = FaithWidget/FaithWidget.entitlements;
				CODE_SIGN_STYLE = Automatic;
				CURRENT_PROJECT_VERSION = 1;
				DEVELOPMENT_TEAM = JN9S2YF3BJ;
				GENERATE_INFOPLIST_FILE = YES;
				INFOPLIST_FILE = FaithWidget/Info.plist;
				INFOPLIST_KEY_CFBundleDisplayName = FaithWidget;
				INFOPLIST_KEY_NSHumanReadableCopyright = "";
				IPHONEOS_DEPLOYMENT_TARGET = 18.2;
				LD_RUNPATH_SEARCH_PATHS = (
					"$(inherited)",
					"@executable_path/Frameworks",
					"@executable_path/../../Frameworks",
				);
				MARKETING_VERSION = 1.0;
				PRODUCT_BUNDLE_IDENTIFIER = "minh.faith-ios.FaithWidget";
				PRODUCT_NAME = "$(TARGET_NAME)";
				SDKROOT = iphoneos;
				SKIP_INSTALL = YES;
				SWIFT_EMIT_LOC_STRINGS = YES;
				SWIFT_VERSION = 5.0;
				TARGETED_DEVICE_FAMILY = "1,2";
				VALIDATE_PRODUCT = YES;
			};
			name = Release;
		};
/* End XCBuildConfiguration section */

/* Begin XCConfigurationList section */
		BAE14A6B2FA586E60084FC82 /* Build configuration list for PBXProject "faith-ios" */ = {
			isa = XCConfigurationList;
			buildConfigurations = (
				BAE14A952FA586E80084FC82 /* Debug */,
				BAE14A962FA586E80084FC82 /* Release */,
			);
			defaultConfigurationIsVisible = 0;
			defaultConfigurationName = Release;
		};
		BAE14A972FA586E80084FC82 /* Build configuration list for PBXNativeTarget "faith-ios" */ = {
			isa = XCConfigurationList;
			buildConfigurations = (
				BAE14A982FA586E80084FC82 /* Debug */,
				BAE14A992FA586E80084FC82 /* Release */,
			);
			defaultConfigurationIsVisible = 0;
			defaultConfigurationName = Release;
		};
		BAE14A9A2FA586E80084FC82 /* Build configuration list for PBXNativeTarget "faith-iosTests" */ = {
			isa = XCConfigurationList;
			buildConfigurations = (
				BAE14A9B2FA586E80084FC82 /* Debug */,
				BAE14A9C2FA586E80084FC82 /* Release */,
			);
			defaultConfigurationIsVisible = 0;
			defaultConfigurationName = Release;
		};
		BAE14A9D2FA586E80084FC82 /* Build configuration list for PBXNativeTarget "faith-iosUITests" */ = {
			isa = XCConfigurationList;
			buildConfigurations = (
				BAE14A9E2FA586E80084FC82 /* Debug */,
				BAE14A9F2FA586E80084FC82 /* Release */,
			);
			defaultConfigurationIsVisible = 0;
			defaultConfigurationName = Release;
		};
		BAE14AFA2FA5B10D0084FC82 /* Build configuration list for PBXNativeTarget "FaithWidgetExtension" */ = {
			isa = XCConfigurationList;
			buildConfigurations = (
				BAE14AFB2FA5B10D0084FC82 /* Debug */,
				BAE14AFC2FA5B10D0084FC82 /* Release */,
			);
			defaultConfigurationIsVisible = 0;
			defaultConfigurationName = Release;
		};
/* End XCConfigurationList section */
	};
	rootObject = BAE14A682FA586E60084FC82 /* Project object */;
}
